
Microsoft Visual Studio Solution File, Format Version 12.00
# Visual Studio 14
VisualStudioVersion = 14.0.25420.1
MinimumVisualStudioVersion = 10.0.40219.1
Project("{FAE04EC0-301F-11D3-BF4B-00C04F79EFBC}") = "HyTestBuilderTest", "HyTestBuilderTest\HyTestBuilderTest.csproj", "{5BD50B61-B055-4710-80FA-CCBFE96CED0D}"
EndProject
Project("{FAE04EC0-301F-11D3-BF4B-00C04F79EFBC}") = "HyTestBuilderTestConfig", "HyTestBuilderTestConfig\HyTestBuilderTestConfig.csproj", "{9FB08A60-182E-4B16-BFED-66641D329801}"
EndProject
Global
	GlobalSection(SolutionConfigurationPlatforms) = preSolution
		Debug|Any CPU = Debug|Any CPU
		Debug|x86 = Debug|x86
		Release|Any CPU = Release|Any CPU
		Release|x86 = Release|x86
	EndGlobalSection
	GlobalSection(ProjectConfigurationPlatforms) = postSolution
		{5BD50B61-B055-4710-80FA-CCBFE96CED0D}.Debug|Any CPU.ActiveCfg = Debug|Any CPU
		{5BD50B61-B055-4710-80FA-CCBFE96CED0D}.Debug|Any CPU.Build.0 = Debug|Any CPU
		{5BD50B61-B055-4710-80FA-CCBFE96CED0D}.Debug|x86.ActiveCfg = Debug|Any CPU
		{5BD50B61-B055-4710-80FA-CCBFE96CED0D}.Debug|x86.Build.0 = Debug|Any CPU
		{5BD50B61-B055-4710-80FA-CCBFE96CED0D}.Release|Any CPU.ActiveCfg = Release|Any CPU
		{5BD50B61-B055-4710-80FA-CCBFE96CED0D}.Release|Any CPU.Build.0 = Release|Any CPU
		{5BD50B61-B055-4710-80FA-CCBFE96CED0D}.Release|x86.ActiveCfg = Release|x86
		{5BD50B61-B055-4710-80FA-CCBFE96CED0D}.Release|x86.Build.0 = Release|x86
		{9FB08A60-182E-4B16-BFED-66641D329801}.Debug|Any CPU.ActiveCfg = Debug|Any CPU
		{9FB08A60-182E-4B16-BFED-66641D329801}.Debug|Any CPU.Build.0 = Debug|Any CPU
		{9FB08A60-182E-4B16-BFED-66641D329801}.Debug|x86.ActiveCfg = Debug|Any CPU
		{9FB08A60-182E-4B16-BFED-66641D329801}.Debug|x86.Build.0 = Debug|Any CPU
		{9FB08A60-182E-4B16-BFED-66641D329801}.Release|Any CPU.ActiveCfg = Release|Any CPU
		{9FB08A60-182E-4B16-BFED-66641D329801}.Release|Any CPU.Build.0 = Release|Any CPU
		{9FB08A60-182E-4B16-BFED-66641D329801}.Release|x86.ActiveCfg = Release|Any CPU
		{9FB08A60-182E-4B16-BFED-66641D329801}.Release|x86.Build.0 = Release|Any CPU
	EndGlobalSection
	GlobalSection(SolutionProperties) = preSolution
		HideSolutionNode = FALSE
	EndGlobalSection
EndGlobal
